
Microsoft Visual Studio Solution File, Format Version 12.00
# Visual Studio 15
VisualStudioVersion = 15.0.27703.2042
MinimumVisualStudioVersion = 10.0.40219.1
Project("{FAE04EC0-301F-11D3-BF4B-00C04F79EFBC}") = "DTD.OpenPos.App", "DTD.OpenPos.App\DTD.OpenPos.App.csproj", "{B2506B06-5E44-48F5-B2C6-1E93AB6ADF11}"
EndProject
Project("{2150E333-8FDC-42A3-9474-1A3956D46DE8}") = "Main", "Main", "{5ABE3F2B-547F-43BB-910F-2DEDE145CE24}"
EndProject
Project("{2150E333-8FDC-42A3-9474-1A3956D46DE8}") = "Controls", "Controls", "{7E5AF3F4-25F8-4053-A634-37E0DE20D6B1}"
EndProject
Project("{2150E333-8FDC-42A3-9474-1A3956D46DE8}") = "Extentions", "Extentions", "{3700956B-BC1E-4DC2-BC0F-C43F6EF12214}"
EndProject
Project("{2150E333-8FDC-42A3-9474-1A3956D46DE8}") = "Database", "Database", "{6A96AE17-5F64-453F-BFAA-873CEFA06621}"
EndProject
Project("{2150E333-8FDC-42A3-9474-1A3956D46DE8}") = "Features", "Features", "{491205D1-0B0D-48FF-A5AA-AC29E804ED97}"
EndProject
Project("{FAE04EC0-301F-11D3-BF4B-00C04F79EFBC}") = "DTD.OpenPos.Features.Inventory", "DTD.OpenPos.Features.Inventory\DTD.OpenPos.Features.Inventory.csproj", "{0A2A3773-7F4E-4F7A-98E6-9F0CD22881BD}"
EndProject
Project("{FAE04EC0-301F-11D3-BF4B-00C04F79EFBC}") = "DTD.OpenPos.Features.Personnel", "DTD.OpenPos.Features.Personnel\DTD.OpenPos.Features.Personnel.csproj", "{376E1FEC-15CA-4E10-9B91-D621E45F19BF}"
EndProject
Project("{FAE04EC0-301F-11D3-BF4B-00C04F79EFBC}") = "DTD.OpenPos.Features.UserManagement", "DTD.OpenPos.Features.UserManagement\DTD.OpenPos.Features.UserManagement.csproj", "{42AF3527-9462-4803-A381-AB5942DCA120}"
EndProject
Project("{FAE04EC0-301F-11D3-BF4B-00C04F79EFBC}") = "DTD.OpenPos.Features.Sales", "DTD.OpenPos.Features.Sales\DTD.OpenPos.Features.Sales.csproj", "{EA76A81D-F8CE-4B01-923A-DC9391504C76}"
EndProject
Project("{FAE04EC0-301F-11D3-BF4B-00C04F79EFBC}") = "DTD.OpenPos.Features.Client", "DTD.OpenPos.Features.Client\DTD.OpenPos.Features.Client.csproj", "{DFAB3BEE-2707-4861-B25C-6FC80535340D}"
EndProject
Project("{FAE04EC0-301F-11D3-BF4B-00C04F79EFBC}") = "DTD.OpenPos.Features.Personnel.Management", "DTD.OpenPos.Features.Personnel.Management\DTD.OpenPos.Features.Personnel.Management.csproj", "{5C9E2F06-ADF3-40CC-9096-F2F6AFCF4AEC}"
EndProject
Project("{FAE04EC0-301F-11D3-BF4B-00C04F79EFBC}") = "DTD.OpenPos.Features.Client.Management", "DTD.OpenPos.Features.Client.Management\DTD.OpenPos.Features.Client.Management.csproj", "{9A466EF0-9F74-4E3A-9158-410589A93DAB}"
EndProject
Project("{2150E333-8FDC-42A3-9474-1A3956D46DE8}") = "Company", "Company", "{1D7F1A1F-2AB8-4CD0-B4E0-20EEF02A37BE}"
EndProject
Project("{2150E333-8FDC-42A3-9474-1A3956D46DE8}") = "DataModel", "DataModel", "{126B5726-0DBB-4E04-9AD4-88D7A1E34AAE}"
EndProject
Project("{FAE04EC0-301F-11D3-BF4B-00C04F79EFBC}") = "DTD.OpenPos.DataModel.UserManagement", "DTD.OpenPos.DataModel.UserManagement\DTD.OpenPos.DataModel.UserManagement.csproj", "{C3ED60BE-66B0-488F-B870-9CCF3C4E6E6D}"
EndProject
Project("{FAE04EC0-301F-11D3-BF4B-00C04F79EFBC}") = "DTD.OpenPos.DataModel.Inventory", "DTD.OpenPos.DataModel.Inventory\DTD.OpenPos.DataModel.Inventory.csproj", "{4BE3D834-811A-43F9-A1DA-932E63B7EF69}"
EndProject
Project("{FAE04EC0-301F-11D3-BF4B-00C04F79EFBC}") = "DTD.OpenPos.DataModel.Client", "DTD.OpenPos.DataModel.Client\DTD.OpenPos.DataModel.Client.csproj", "{EB0D78A3-1322-4C5C-8BFE-6AF3F8C42D46}"
EndProject
Project("{FAE04EC0-301F-11D3-BF4B-00C04F79EFBC}") = "DTD.OpenPos.DataModel.Personnel", "DTD.OpenPos.DataModel.Personnel\DTD.OpenPos.DataModel.Personnel.csproj", "{4103F0E8-C287-4D38-9B05-8F30173B9E13}"
EndProject
Project("{FAE04EC0-301F-11D3-BF4B-00C04F79EFBC}") = "DTD.OpenPos.DataModel.Personnel.Management", "DTD.OpenPos.DataModel.Personnel.Management\DTD.OpenPos.DataModel.Personnel.Management.csproj", "{1E67BA41-6204-4EAC-BC33-390BB39461A8}"
EndProject
Project("{FAE04EC0-301F-11D3-BF4B-00C04F79EFBC}") = "DTD.OpenPos.DataModel.Client.Management", "DTD.OpenPos.DataModel.Client.Management\DTD.OpenPos.DataModel.Client.Management.csproj", "{B10600FA-BBD5-4B57-A988-ECCAC6E08B55}"
EndProject
Project("{FAE04EC0-301F-11D3-BF4B-00C04F79EFBC}") = "DTD.OpenPos.DataModel.Sales", "DTD.OpenPos.DataModel.Sales\DTD.OpenPos.DataModel.Sales.csproj", "{39D5E2BB-4D8F-4DA0-9B2D-F4AF28DAC0FC}"
EndProject
Global
	GlobalSection(SolutionConfigurationPlatforms) = preSolution
		Debug|Any CPU = Debug|Any CPU
		Release|Any CPU = Release|Any CPU
	EndGlobalSection
	GlobalSection(ProjectConfigurationPlatforms) = postSolution
		{B2506B06-5E44-48F5-B2C6-1E93AB6ADF11}.Debug|Any CPU.ActiveCfg = Debug|Any CPU
		{B2506B06-5E44-48F5-B2C6-1E93AB6ADF11}.Debug|Any CPU.Build.0 = Debug|Any CPU
		{B2506B06-5E44-48F5-B2C6-1E93AB6ADF11}.Release|Any CPU.ActiveCfg = Release|Any CPU
		{B2506B06-5E44-48F5-B2C6-1E93AB6ADF11}.Release|Any CPU.Build.0 = Release|Any CPU
		{0A2A3773-7F4E-4F7A-98E6-9F0CD22881BD}.Debug|Any CPU.ActiveCfg = Debug|Any CPU
		{0A2A3773-7F4E-4F7A-98E6-9F0CD22881BD}.Debug|Any CPU.Build.0 = Debug|Any CPU
		{0A2A3773-7F4E-4F7A-98E6-9F0CD22881BD}.Release|Any CPU.ActiveCfg = Release|Any CPU
		{0A2A3773-7F4E-4F7A-98E6-9F0CD22881BD}.Release|Any CPU.Build.0 = Release|Any CPU
		{376E1FEC-15CA-4E10-9B91-D621E45F19BF}.Debug|Any CPU.ActiveCfg = Debug|Any CPU
		{376E1FEC-15CA-4E10-9B91-D621E45F19BF}.Debug|Any CPU.Build.0 = Debug|Any CPU
		{376E1FEC-15CA-4E10-9B91-D621E45F19BF}.Release|Any CPU.ActiveCfg = Release|Any CPU
		{376E1FEC-15CA-4E10-9B91-D621E45F19BF}.Release|Any CPU.Build.0 = Release|Any CPU
		{42AF3527-9462-4803-A381-AB5942DCA120}.Debug|Any CPU.ActiveCfg = Debug|Any CPU
		{42AF3527-9462-4803-A381-AB5942DCA120}.Debug|Any CPU.Build.0 = Debug|Any CPU
		{42AF3527-9462-4803-A381-AB5942DCA120}.Release|Any CPU.ActiveCfg = Release|Any CPU
		{42AF3527-9462-4803-A381-AB5942DCA120}.Release|Any CPU.Build.0 = Release|Any CPU
		{EA76A81D-F8CE-4B01-923A-DC9391504C76}.Debug|Any CPU.ActiveCfg = Debug|Any CPU
		{EA76A81D-F8CE-4B01-923A-DC9391504C76}.Debug|Any CPU.Build.0 = Debug|Any CPU
		{EA76A81D-F8CE-4B01-923A-DC9391504C76}.Release|Any CPU.ActiveCfg = Release|Any CPU
		{EA76A81D-F8CE-4B01-923A-DC9391504C76}.Release|Any CPU.Build.0 = Release|Any CPU
		{DFAB3BEE-2707-4861-B25C-6FC80535340D}.Debug|Any CPU.ActiveCfg = Debug|Any CPU
		{DFAB3BEE-2707-4861-B25C-6FC80535340D}.Debug|Any CPU.Build.0 = Debug|Any CPU
		{DFAB3BEE-2707-4861-B25C-6FC80535340D}.Release|Any CPU.ActiveCfg = Release|Any CPU
		{DFAB3BEE-2707-4861-B25C-6FC80535340D}.Release|Any CPU.Build.0 = Release|Any CPU
		{5C9E2F06-ADF3-40CC-9096-F2F6AFCF4AEC}.Debug|Any CPU.ActiveCfg = Debug|Any CPU
		{5C9E2F06-ADF3-40CC-9096-F2F6AFCF4AEC}.Debug|Any CPU.Build.0 = Debug|Any CPU
		{5C9E2F06-ADF3-40CC-9096-F2F6AFCF4AEC}.Release|Any CPU.ActiveCfg = Release|Any CPU
		{5C9E2F06-ADF3-40CC-9096-F2F6AFCF4AEC}.Release|Any CPU.Build.0 = Release|Any CPU
		{9A466EF0-9F74-4E3A-9158-410589A93DAB}.Debug|Any CPU.ActiveCfg = Debug|Any CPU
		{9A466EF0-9F74-4E3A-9158-410589A93DAB}.Debug|Any CPU.Build.0 = Debug|Any CPU
		{9A466EF0-9F74-4E3A-9158-410589A93DAB}.Release|Any CPU.ActiveCfg = Release|Any CPU
		{9A466EF0-9F74-4E3A-9158-410589A93DAB}.Release|Any CPU.Build.0 = Release|Any CPU
		{C3ED60BE-66B0-488F-B870-9CCF3C4E6E6D}.Debug|Any CPU.ActiveCfg = Debug|Any CPU
		{C3ED60BE-66B0-488F-B870-9CCF3C4E6E6D}.Debug|Any CPU.Build.0 = Debug|Any CPU
		{C3ED60BE-66B0-488F-B870-9CCF3C4E6E6D}.Release|Any CPU.ActiveCfg = Release|Any CPU
		{C3ED60BE-66B0-488F-B870-9CCF3C4E6E6D}.Release|Any CPU.Build.0 = Release|Any CPU
		{4BE3D834-811A-43F9-A1DA-932E63B7EF69}.Debug|Any CPU.ActiveCfg = Debug|Any CPU
		{4BE3D834-811A-43F9-A1DA-932E63B7EF69}.Debug|Any CPU.Build.0 = Debug|Any CPU
		{4BE3D834-811A-43F9-A1DA-932E63B7EF69}.Release|Any CPU.ActiveCfg = Release|Any CPU
		{4BE3D834-811A-43F9-A1DA-932E63B7EF69}.Release|Any CPU.Build.0 = Release|Any CPU
		{EB0D78A3-1322-4C5C-8BFE-6AF3F8C42D46}.Debug|Any CPU.ActiveCfg = Debug|Any CPU
		{EB0D78A3-1322-4C5C-8BFE-6AF3F8C42D46}.Debug|Any CPU.Build.0 = Debug|Any CPU
		{EB0D78A3-1322-4C5C-8BFE-6AF3F8C42D46}.Release|Any CPU.ActiveCfg = Release|Any CPU
		{EB0D78A3-1322-4C5C-8BFE-6AF3F8C42D46}.Release|Any CPU.Build.0 = Release|Any CPU
		{4103F0E8-C287-4D38-9B05-8F30173B9E13}.Debug|Any CPU.ActiveCfg = Debug|Any CPU
		{4103F0E8-C287-4D38-9B05-8F30173B9E13}.Debug|Any CPU.Build.0 = Debug|Any CPU
		{4103F0E8-C287-4D38-9B05-8F30173B9E13}.Release|Any CPU.ActiveCfg = Release|Any CPU
		{4103F0E8-C287-4D38-9B05-8F30173B9E13}.Release|Any CPU.Build.0 = Release|Any CPU
		{1E67BA41-6204-4EAC-BC33-390BB39461A8}.Debug|Any CPU.ActiveCfg = Debug|Any CPU
		{1E67BA41-6204-4EAC-BC33-390BB39461A8}.Debug|Any CPU.Build.0 = Debug|Any CPU
		{1E67BA41-6204-4EAC-BC33-390BB39461A8}.Release|Any CPU.ActiveCfg = Release|Any CPU
		{1E67BA41-6204-4EAC-BC33-390BB39461A8}.Release|Any CPU.Build.0 = Release|Any CPU
		{B10600FA-BBD5-4B57-A988-ECCAC6E08B55}.Debug|Any CPU.ActiveCfg = Debug|Any CPU
		{B10600FA-BBD5-4B57-A988-ECCAC6E08B55}.Debug|Any CPU.Build.0 = Debug|Any CPU
		{B10600FA-BBD5-4B57-A988-ECCAC6E08B55}.Release|Any CPU.ActiveCfg = Release|Any CPU
		{B10600FA-BBD5-4B57-A988-ECCAC6E08B55}.Release|Any CPU.Build.0 = Release|Any CPU
		{39D5E2BB-4D8F-4DA0-9B2D-F4AF28DAC0FC}.Debug|Any CPU.ActiveCfg = Debug|Any CPU
		{39D5E2BB-4D8F-4DA0-9B2D-F4AF28DAC0FC}.Debug|Any CPU.Build.0 = Debug|Any CPU
		{39D5E2BB-4D8F-4DA0-9B2D-F4AF28DAC0FC}.Release|Any CPU.ActiveCfg = Release|Any CPU
		{39D5E2BB-4D8F-4DA0-9B2D-F4AF28DAC0FC}.Release|Any CPU.Build.0 = Release|Any CPU
	EndGlobalSection
	GlobalSection(SolutionProperties) = preSolution
		HideSolutionNode = FALSE
	EndGlobalSection
	GlobalSection(NestedProjects) = preSolution
		{B2506B06-5E44-48F5-B2C6-1E93AB6ADF11} = {5ABE3F2B-547F-43BB-910F-2DEDE145CE24}
		{0A2A3773-7F4E-4F7A-98E6-9F0CD22881BD} = {491205D1-0B0D-48FF-A5AA-AC29E804ED97}
		{376E1FEC-15CA-4E10-9B91-D621E45F19BF} = {491205D1-0B0D-48FF-A5AA-AC29E804ED97}
		{42AF3527-9462-4803-A381-AB5942DCA120} = {491205D1-0B0D-48FF-A5AA-AC29E804ED97}
		{EA76A81D-F8CE-4B01-923A-DC9391504C76} = {491205D1-0B0D-48FF-A5AA-AC29E804ED97}
		{DFAB3BEE-2707-4861-B25C-6FC80535340D} = {491205D1-0B0D-48FF-A5AA-AC29E804ED97}
		{5C9E2F06-ADF3-40CC-9096-F2F6AFCF4AEC} = {491205D1-0B0D-48FF-A5AA-AC29E804ED97}
		{9A466EF0-9F74-4E3A-9158-410589A93DAB} = {491205D1-0B0D-48FF-A5AA-AC29E804ED97}
		{1D7F1A1F-2AB8-4CD0-B4E0-20EEF02A37BE} = {5ABE3F2B-547F-43BB-910F-2DEDE145CE24}
		{C3ED60BE-66B0-488F-B870-9CCF3C4E6E6D} = {126B5726-0DBB-4E04-9AD4-88D7A1E34AAE}
		{4BE3D834-811A-43F9-A1DA-932E63B7EF69} = {126B5726-0DBB-4E04-9AD4-88D7A1E34AAE}
		{EB0D78A3-1322-4C5C-8BFE-6AF3F8C42D46} = {126B5726-0DBB-4E04-9AD4-88D7A1E34AAE}
		{4103F0E8-C287-4D38-9B05-8F30173B9E13} = {126B5726-0DBB-4E04-9AD4-88D7A1E34AAE}
		{1E67BA41-6204-4EAC-BC33-390BB39461A8} = {126B5726-0DBB-4E04-9AD4-88D7A1E34AAE}
		{B10600FA-BBD5-4B57-A988-ECCAC6E08B55} = {126B5726-0DBB-4E04-9AD4-88D7A1E34AAE}
		{39D5E2BB-4D8F-4DA0-9B2D-F4AF28DAC0FC} = {126B5726-0DBB-4E04-9AD4-88D7A1E34AAE}
	EndGlobalSection
	GlobalSection(ExtensibilityGlobals) = postSolution
		SolutionGuid = {A5B26223-8E02-4FCA-B14D-3FCE26C79A46}
	EndGlobalSection
EndGlobal
